
Microsoft Visual Studio Solution File, Format Version 12.00
# Visual Studio 15
VisualStudioVersion = 15.0.27004.2005
MinimumVisualStudioVersion = 10.0.40219.1
Project("{2150E333-8FDC-42A3-9474-1A3956D46DE8}") = ".nuget", ".nuget", "{5311970D-8E70-4432-BFEC-7418C5E3713E}"
	ProjectSection(SolutionItems) = preProject
		.nuget\NuGet.Config = .nuget\NuGet.Config
		.nuget\NuGet.exe = .nuget\NuGet.exe
		.nuget\NuGet.targets = .nuget\NuGet.targets
	EndProjectSection
EndProject
Project("{2150E333-8FDC-42A3-9474-1A3956D46DE8}") = "Tests", "Tests", "{EE7D900E-5296-4894-988E-421F8EAD75FE}"
EndProject
Project("{FAE04EC0-301F-11D3-BF4B-00C04F79EFBC}") = "Cake", "Cake\Cake.csproj", "{9199AA5E-B022-423A-946B-DC6E3683F935}"
EndProject
Project("{FAE04EC0-301F-11D3-BF4B-00C04F79EFBC}") = "Common", "Common\Common.csproj", "{9AD8621E-E325-47D5-8EE9-CF0F6AAA300B}"
EndProject
Project("{FAE04EC0-301F-11D3-BF4B-00C04F79EFBC}") = "Cake.Tests", "Cake.Tests\Cake.Tests.csproj", "{6D6B81EE-5BF0-472B-A963-1CF49B937F1C}"
EndProject
Project("{FAE04EC0-301F-11D3-BF4B-00C04F79EFBC}") = "Build.Tests", "Build.Tests\Build.Tests.csproj", "{C9ACD666-BCC3-47CD-829D-1419C4D5005C}"
EndProject
Project("{FAE04EC0-301F-11D3-BF4B-00C04F79EFBC}") = "Zip", "Zip\Zip.csproj", "{380C3769-B360-44F5-90A0-B4F1429CF49D}"
EndProject
Project("{FAE04EC0-301F-11D3-BF4B-00C04F79EFBC}") = "Zip.Tests", "Zip.Tests\Zip.Tests.csproj", "{17DB0B59-C1B5-4321-8D5F-A16E1D002A48}"
EndProject
Project("{FAE04EC0-301F-11D3-BF4B-00C04F79EFBC}") = "Git", "Git\Git.csproj", "{F094228A-79C4-4B6A-935C-3D8A10A04A18}"
EndProject
Project("{FAE04EC0-301F-11D3-BF4B-00C04F79EFBC}") = "Git.Tests", "Git.Tests\Git.Tests.csproj", "{A1D5EEE9-0021-4F41-ABE5-FB8E5FB954E2}"
EndProject
Project("{FAE04EC0-301F-11D3-BF4B-00C04F79EFBC}") = "NUnit.Tests", "NUnit.Tests\NUnit.Tests.csproj", "{FD6E2A6A-6B89-4A3D-85D0-BAFAFC307BE8}"
EndProject
Project("{FAE04EC0-301F-11D3-BF4B-00C04F79EFBC}") = "Files", "Files\Files.csproj", "{7530F94D-0387-492E-B784-A1D4EB22B26B}"
EndProject
Project("{FAE04EC0-301F-11D3-BF4B-00C04F79EFBC}") = "Files.Tests", "Files.Tests\Files.Tests.csproj", "{BF0C9E9E-8A4F-4D4F-9E15-81B21612E274}"
EndProject
Project("{FAE04EC0-301F-11D3-BF4B-00C04F79EFBC}") = "Common.Tests", "Common.Tests\Common.Tests.csproj", "{6FB4D2C2-14BC-43BB-A77B-6BC4276FA55E}"
EndProject
Project("{FAE04EC0-301F-11D3-BF4B-00C04F79EFBC}") = "Build.Tests.TestProject", "Build.Tests\Test Files\Build.Tests.TestProject\Build.Tests.TestProject.csproj", "{7FE55F6F-8ABD-4ED0-B409-90BE6D34EFEC}"
EndProject
Project("{2150E333-8FDC-42A3-9474-1A3956D46DE8}") = "Solution Items", "Solution Items", "{3BB5221E-145A-409F-B140-96903C48CB54}"
	ProjectSection(SolutionItems) = preProject
		Cake Documentation.chm = Cake Documentation.chm
		External\MSTest.exe = External\MSTest.exe
		Praca.docx = Praca.docx
		Praca2.docx = Praca2.docx
		scripts\script1.csx = scripts\script1.csx
	EndProjectSection
EndProject
Project("{FAE04EC0-301F-11D3-BF4B-00C04F79EFBC}") = "TestApp", "TestApp\TestApp.csproj", "{CC2E8AF0-5322-4E44-8E21-2B91CC6DE074}"
EndProject
Project("{FAE04EC0-301F-11D3-BF4B-00C04F79EFBC}") = "NUnit", "NUnit\NUnit.csproj", "{58C7E6C6-7572-430A-95E6-83E493BD2E2D}"
EndProject
Project("{FAE04EC0-301F-11D3-BF4B-00C04F79EFBC}") = "Fail", "Fail\Fail.csproj", "{41E8BA8D-AA9C-4CAF-A9A6-2C0D48C3D1CD}"
EndProject
Project("{FAE04EC0-301F-11D3-BF4B-00C04F79EFBC}") = "Success", "Success\Success.csproj", "{25A9A168-26EA-4533-9277-DD97B61CE7E1}"
EndProject
Project("{FAE04EC0-301F-11D3-BF4B-00C04F79EFBC}") = "Success2", "Success2\Success2.csproj", "{39085761-621A-4C27-A5CC-AAF40BCF2AB1}"
EndProject
Project("{FAE04EC0-301F-11D3-BF4B-00C04F79EFBC}") = "XUnit", "XUnit\XUnit.csproj", "{288D7B9C-3A1F-4CA9-8DF1-FDA3AB4FC8BD}"
EndProject
Project("{FAE04EC0-301F-11D3-BF4B-00C04F79EFBC}") = "XUnit.Tests", "XUnit.Tests\XUnit.Tests.csproj", "{6186F5B5-05D8-4BD5-B541-332534C9DE9E}"
EndProject
Project("{FAE04EC0-301F-11D3-BF4B-00C04F79EFBC}") = "Fail2", "Fail2\Fail2.csproj", "{1A9361E4-777A-41C5-9EE3-35A0696E661F}"
EndProject
Project("{FAE04EC0-301F-11D3-BF4B-00C04F79EFBC}") = "Minify", "Minify\Minify.csproj", "{5EBE98DA-2DFE-4543-9AAD-47867FFAE74E}"
EndProject
Project("{FAE04EC0-301F-11D3-BF4B-00C04F79EFBC}") = "Minify.Tests", "Minify.Tests\Minify.Tests.csproj", "{871D8A3D-D5E5-4A94-809E-F4D24B400C87}"
EndProject
Project("{FAE04EC0-301F-11D3-BF4B-00C04F79EFBC}") = "Build", "Build\Build.csproj", "{5F033557-9638-44F1-BD8E-197C2EC76038}"
EndProject
Project("{2150E333-8FDC-42A3-9474-1A3956D46DE8}") = "Samples", "Samples", "{70E5F872-FB05-4193-8C57-0ED47EAFA749}"
	ProjectSection(SolutionItems) = preProject
		minify.csx = minify.csx
		script.csx = script.csx
		subtitles.csx = subtitles.csx
	EndProjectSection
EndProject
Project("{2150E333-8FDC-42A3-9474-1A3956D46DE8}") = "Git", "Git", "{E58A5907-4AC8-473A-B1BD-944FAF5DA7BC}"
	ProjectSection(SolutionItems) = preProject
		Scripts\git_sample1.csx = Scripts\git_sample1.csx
	EndProjectSection
EndProject
Project("{2150E333-8FDC-42A3-9474-1A3956D46DE8}") = "General", "General", "{8B607D5B-458C-489D-9F72-5A2F5A913FBE}"
	ProjectSection(SolutionItems) = preProject
		Scripts\deps_cycle.csx = Scripts\deps_cycle.csx
		Scripts\general_sample1.csx = Scripts\general_sample1.csx
		Scripts\jobs_sample1.csx = Scripts\jobs_sample1.csx
	EndProjectSection
EndProject
Project("{2150E333-8FDC-42A3-9474-1A3956D46DE8}") = "Build", "Build", "{8095E7FA-F187-4B07-84EF-A5F4E34774D2}"
	ProjectSection(SolutionItems) = preProject
		Scripts\build_sample1.csx = Scripts\build_sample1.csx
	EndProjectSection
EndProject
Project("{2150E333-8FDC-42A3-9474-1A3956D46DE8}") = "Minify", "Minify", "{8E1023C0-EDF8-4D00-9EA9-3D50AC4953BC}"
	ProjectSection(SolutionItems) = preProject
		Scripts\colors.css = Scripts\colors.css
		index.html = index.html
		Scripts\js1.js = Scripts\js1.js
		Scripts\js2.js = Scripts\js2.js
		Scripts\minify_sample1.csx = Scripts\minify_sample1.csx
		template1.html = template1.html
	EndProjectSection
EndProject
Global
	GlobalSection(SolutionConfigurationPlatforms) = preSolution
		Debug|Any CPU = Debug|Any CPU
		Release|Any CPU = Release|Any CPU
	EndGlobalSection
	GlobalSection(ProjectConfigurationPlatforms) = postSolution
		{9199AA5E-B022-423A-946B-DC6E3683F935}.Debug|Any CPU.ActiveCfg = Debug|Any CPU
		{9199AA5E-B022-423A-946B-DC6E3683F935}.Debug|Any CPU.Build.0 = Debug|Any CPU
		{9199AA5E-B022-423A-946B-DC6E3683F935}.Release|Any CPU.ActiveCfg = Release|Any CPU
		{9199AA5E-B022-423A-946B-DC6E3683F935}.Release|Any CPU.Build.0 = Release|Any CPU
		{9AD8621E-E325-47D5-8EE9-CF0F6AAA300B}.Debug|Any CPU.ActiveCfg = Debug|Any CPU
		{9AD8621E-E325-47D5-8EE9-CF0F6AAA300B}.Debug|Any CPU.Build.0 = Debug|Any CPU
		{9AD8621E-E325-47D5-8EE9-CF0F6AAA300B}.Release|Any CPU.ActiveCfg = Release|Any CPU
		{9AD8621E-E325-47D5-8EE9-CF0F6AAA300B}.Release|Any CPU.Build.0 = Release|Any CPU
		{6D6B81EE-5BF0-472B-A963-1CF49B937F1C}.Debug|Any CPU.ActiveCfg = Debug|Any CPU
		{6D6B81EE-5BF0-472B-A963-1CF49B937F1C}.Debug|Any CPU.Build.0 = Debug|Any CPU
		{6D6B81EE-5BF0-472B-A963-1CF49B937F1C}.Release|Any CPU.ActiveCfg = Release|Any CPU
		{6D6B81EE-5BF0-472B-A963-1CF49B937F1C}.Release|Any CPU.Build.0 = Release|Any CPU
		{C9ACD666-BCC3-47CD-829D-1419C4D5005C}.Debug|Any CPU.ActiveCfg = Debug|Any CPU
		{C9ACD666-BCC3-47CD-829D-1419C4D5005C}.Debug|Any CPU.Build.0 = Debug|Any CPU
		{C9ACD666-BCC3-47CD-829D-1419C4D5005C}.Release|Any CPU.ActiveCfg = Release|Any CPU
		{C9ACD666-BCC3-47CD-829D-1419C4D5005C}.Release|Any CPU.Build.0 = Release|Any CPU
		{380C3769-B360-44F5-90A0-B4F1429CF49D}.Debug|Any CPU.ActiveCfg = Debug|Any CPU
		{380C3769-B360-44F5-90A0-B4F1429CF49D}.Debug|Any CPU.Build.0 = Debug|Any CPU
		{380C3769-B360-44F5-90A0-B4F1429CF49D}.Release|Any CPU.ActiveCfg = Release|Any CPU
		{380C3769-B360-44F5-90A0-B4F1429CF49D}.Release|Any CPU.Build.0 = Release|Any CPU
		{17DB0B59-C1B5-4321-8D5F-A16E1D002A48}.Debug|Any CPU.ActiveCfg = Debug|Any CPU
		{17DB0B59-C1B5-4321-8D5F-A16E1D002A48}.Debug|Any CPU.Build.0 = Debug|Any CPU
		{17DB0B59-C1B5-4321-8D5F-A16E1D002A48}.Release|Any CPU.ActiveCfg = Release|Any CPU
		{17DB0B59-C1B5-4321-8D5F-A16E1D002A48}.Release|Any CPU.Build.0 = Release|Any CPU
		{F094228A-79C4-4B6A-935C-3D8A10A04A18}.Debug|Any CPU.ActiveCfg = Debug|Any CPU
		{F094228A-79C4-4B6A-935C-3D8A10A04A18}.Debug|Any CPU.Build.0 = Debug|Any CPU
		{F094228A-79C4-4B6A-935C-3D8A10A04A18}.Release|Any CPU.ActiveCfg = Release|Any CPU
		{F094228A-79C4-4B6A-935C-3D8A10A04A18}.Release|Any CPU.Build.0 = Release|Any CPU
		{A1D5EEE9-0021-4F41-ABE5-FB8E5FB954E2}.Debug|Any CPU.ActiveCfg = Debug|Any CPU
		{A1D5EEE9-0021-4F41-ABE5-FB8E5FB954E2}.Debug|Any CPU.Build.0 = Debug|Any CPU
		{A1D5EEE9-0021-4F41-ABE5-FB8E5FB954E2}.Release|Any CPU.ActiveCfg = Release|Any CPU
		{A1D5EEE9-0021-4F41-ABE5-FB8E5FB954E2}.Release|Any CPU.Build.0 = Release|Any CPU
		{FD6E2A6A-6B89-4A3D-85D0-BAFAFC307BE8}.Debug|Any CPU.ActiveCfg = Debug|Any CPU
		{FD6E2A6A-6B89-4A3D-85D0-BAFAFC307BE8}.Debug|Any CPU.Build.0 = Debug|Any CPU
		{FD6E2A6A-6B89-4A3D-85D0-BAFAFC307BE8}.Release|Any CPU.ActiveCfg = Release|Any CPU
		{FD6E2A6A-6B89-4A3D-85D0-BAFAFC307BE8}.Release|Any CPU.Build.0 = Release|Any CPU
		{7530F94D-0387-492E-B784-A1D4EB22B26B}.Debug|Any CPU.ActiveCfg = Debug|Any CPU
		{7530F94D-0387-492E-B784-A1D4EB22B26B}.Debug|Any CPU.Build.0 = Debug|Any CPU
		{7530F94D-0387-492E-B784-A1D4EB22B26B}.Release|Any CPU.ActiveCfg = Release|Any CPU
		{7530F94D-0387-492E-B784-A1D4EB22B26B}.Release|Any CPU.Build.0 = Release|Any CPU
		{BF0C9E9E-8A4F-4D4F-9E15-81B21612E274}.Debug|Any CPU.ActiveCfg = Debug|Any CPU
		{BF0C9E9E-8A4F-4D4F-9E15-81B21612E274}.Debug|Any CPU.Build.0 = Debug|Any CPU
		{BF0C9E9E-8A4F-4D4F-9E15-81B21612E274}.Release|Any CPU.ActiveCfg = Release|Any CPU
		{BF0C9E9E-8A4F-4D4F-9E15-81B21612E274}.Release|Any CPU.Build.0 = Release|Any CPU
		{6FB4D2C2-14BC-43BB-A77B-6BC4276FA55E}.Debug|Any CPU.ActiveCfg = Debug|Any CPU
		{6FB4D2C2-14BC-43BB-A77B-6BC4276FA55E}.Debug|Any CPU.Build.0 = Debug|Any CPU
		{6FB4D2C2-14BC-43BB-A77B-6BC4276FA55E}.Release|Any CPU.ActiveCfg = Release|Any CPU
		{6FB4D2C2-14BC-43BB-A77B-6BC4276FA55E}.Release|Any CPU.Build.0 = Release|Any CPU
		{7FE55F6F-8ABD-4ED0-B409-90BE6D34EFEC}.Debug|Any CPU.ActiveCfg = Debug|Any CPU
		{7FE55F6F-8ABD-4ED0-B409-90BE6D34EFEC}.Debug|Any CPU.Build.0 = Debug|Any CPU
		{7FE55F6F-8ABD-4ED0-B409-90BE6D34EFEC}.Release|Any CPU.ActiveCfg = Release|Any CPU
		{7FE55F6F-8ABD-4ED0-B409-90BE6D34EFEC}.Release|Any CPU.Build.0 = Release|Any CPU
		{CC2E8AF0-5322-4E44-8E21-2B91CC6DE074}.Debug|Any CPU.ActiveCfg = Debug|Any CPU
		{CC2E8AF0-5322-4E44-8E21-2B91CC6DE074}.Debug|Any CPU.Build.0 = Debug|Any CPU
		{CC2E8AF0-5322-4E44-8E21-2B91CC6DE074}.Release|Any CPU.ActiveCfg = Release|Any CPU
		{CC2E8AF0-5322-4E44-8E21-2B91CC6DE074}.Release|Any CPU.Build.0 = Release|Any CPU
		{58C7E6C6-7572-430A-95E6-83E493BD2E2D}.Debug|Any CPU.ActiveCfg = Debug|Any CPU
		{58C7E6C6-7572-430A-95E6-83E493BD2E2D}.Debug|Any CPU.Build.0 = Debug|Any CPU
		{58C7E6C6-7572-430A-95E6-83E493BD2E2D}.Release|Any CPU.ActiveCfg = Release|Any CPU
		{58C7E6C6-7572-430A-95E6-83E493BD2E2D}.Release|Any CPU.Build.0 = Release|Any CPU
		{41E8BA8D-AA9C-4CAF-A9A6-2C0D48C3D1CD}.Debug|Any CPU.ActiveCfg = Debug|Any CPU
		{41E8BA8D-AA9C-4CAF-A9A6-2C0D48C3D1CD}.Debug|Any CPU.Build.0 = Debug|Any CPU
		{41E8BA8D-AA9C-4CAF-A9A6-2C0D48C3D1CD}.Release|Any CPU.ActiveCfg = Release|Any CPU
		{41E8BA8D-AA9C-4CAF-A9A6-2C0D48C3D1CD}.Release|Any CPU.Build.0 = Release|Any CPU
		{25A9A168-26EA-4533-9277-DD97B61CE7E1}.Debug|Any CPU.ActiveCfg = Debug|Any CPU
		{25A9A168-26EA-4533-9277-DD97B61CE7E1}.Debug|Any CPU.Build.0 = Debug|Any CPU
		{25A9A168-26EA-4533-9277-DD97B61CE7E1}.Release|Any CPU.ActiveCfg = Release|Any CPU
		{25A9A168-26EA-4533-9277-DD97B61CE7E1}.Release|Any CPU.Build.0 = Release|Any CPU
		{39085761-621A-4C27-A5CC-AAF40BCF2AB1}.Debug|Any CPU.ActiveCfg = Debug|Any CPU
		{39085761-621A-4C27-A5CC-AAF40BCF2AB1}.Debug|Any CPU.Build.0 = Debug|Any CPU
		{39085761-621A-4C27-A5CC-AAF40BCF2AB1}.Release|Any CPU.ActiveCfg = Release|Any CPU
		{39085761-621A-4C27-A5CC-AAF40BCF2AB1}.Release|Any CPU.Build.0 = Release|Any CPU
		{288D7B9C-3A1F-4CA9-8DF1-FDA3AB4FC8BD}.Debug|Any CPU.ActiveCfg = Debug|Any CPU
		{288D7B9C-3A1F-4CA9-8DF1-FDA3AB4FC8BD}.Debug|Any CPU.Build.0 = Debug|Any CPU
		{288D7B9C-3A1F-4CA9-8DF1-FDA3AB4FC8BD}.Release|Any CPU.ActiveCfg = Release|Any CPU
		{288D7B9C-3A1F-4CA9-8DF1-FDA3AB4FC8BD}.Release|Any CPU.Build.0 = Release|Any CPU
		{6186F5B5-05D8-4BD5-B541-332534C9DE9E}.Debug|Any CPU.ActiveCfg = Debug|Any CPU
		{6186F5B5-05D8-4BD5-B541-332534C9DE9E}.Debug|Any CPU.Build.0 = Debug|Any CPU
		{6186F5B5-05D8-4BD5-B541-332534C9DE9E}.Release|Any CPU.ActiveCfg = Release|Any CPU
		{6186F5B5-05D8-4BD5-B541-332534C9DE9E}.Release|Any CPU.Build.0 = Release|Any CPU
		{1A9361E4-777A-41C5-9EE3-35A0696E661F}.Debug|Any CPU.ActiveCfg = Debug|Any CPU
		{1A9361E4-777A-41C5-9EE3-35A0696E661F}.Debug|Any CPU.Build.0 = Debug|Any CPU
		{1A9361E4-777A-41C5-9EE3-35A0696E661F}.Release|Any CPU.ActiveCfg = Release|Any CPU
		{1A9361E4-777A-41C5-9EE3-35A0696E661F}.Release|Any CPU.Build.0 = Release|Any CPU
		{5EBE98DA-2DFE-4543-9AAD-47867FFAE74E}.Debug|Any CPU.ActiveCfg = Debug|Any CPU
		{5EBE98DA-2DFE-4543-9AAD-47867FFAE74E}.Debug|Any CPU.Build.0 = Debug|Any CPU
		{5EBE98DA-2DFE-4543-9AAD-47867FFAE74E}.Release|Any CPU.ActiveCfg = Release|Any CPU
		{5EBE98DA-2DFE-4543-9AAD-47867FFAE74E}.Release|Any CPU.Build.0 = Release|Any CPU
		{871D8A3D-D5E5-4A94-809E-F4D24B400C87}.Debug|Any CPU.ActiveCfg = Debug|Any CPU
		{871D8A3D-D5E5-4A94-809E-F4D24B400C87}.Debug|Any CPU.Build.0 = Debug|Any CPU
		{871D8A3D-D5E5-4A94-809E-F4D24B400C87}.Release|Any CPU.ActiveCfg = Release|Any CPU
		{871D8A3D-D5E5-4A94-809E-F4D24B400C87}.Release|Any CPU.Build.0 = Release|Any CPU
		{5F033557-9638-44F1-BD8E-197C2EC76038}.Debug|Any CPU.ActiveCfg = Debug|Any CPU
		{5F033557-9638-44F1-BD8E-197C2EC76038}.Debug|Any CPU.Build.0 = Debug|Any CPU
		{5F033557-9638-44F1-BD8E-197C2EC76038}.Release|Any CPU.ActiveCfg = Release|Any CPU
		{5F033557-9638-44F1-BD8E-197C2EC76038}.Release|Any CPU.Build.0 = Release|Any CPU
	EndGlobalSection
	GlobalSection(SolutionProperties) = preSolution
		HideSolutionNode = FALSE
	EndGlobalSection
	GlobalSection(NestedProjects) = preSolution
		{6D6B81EE-5BF0-472B-A963-1CF49B937F1C} = {EE7D900E-5296-4894-988E-421F8EAD75FE}
		{C9ACD666-BCC3-47CD-829D-1419C4D5005C} = {EE7D900E-5296-4894-988E-421F8EAD75FE}
		{17DB0B59-C1B5-4321-8D5F-A16E1D002A48} = {EE7D900E-5296-4894-988E-421F8EAD75FE}
		{A1D5EEE9-0021-4F41-ABE5-FB8E5FB954E2} = {EE7D900E-5296-4894-988E-421F8EAD75FE}
		{FD6E2A6A-6B89-4A3D-85D0-BAFAFC307BE8} = {EE7D900E-5296-4894-988E-421F8EAD75FE}
		{BF0C9E9E-8A4F-4D4F-9E15-81B21612E274} = {EE7D900E-5296-4894-988E-421F8EAD75FE}
		{6FB4D2C2-14BC-43BB-A77B-6BC4276FA55E} = {EE7D900E-5296-4894-988E-421F8EAD75FE}
		{7FE55F6F-8ABD-4ED0-B409-90BE6D34EFEC} = {EE7D900E-5296-4894-988E-421F8EAD75FE}
		{CC2E8AF0-5322-4E44-8E21-2B91CC6DE074} = {EE7D900E-5296-4894-988E-421F8EAD75FE}
		{41E8BA8D-AA9C-4CAF-A9A6-2C0D48C3D1CD} = {EE7D900E-5296-4894-988E-421F8EAD75FE}
		{25A9A168-26EA-4533-9277-DD97B61CE7E1} = {EE7D900E-5296-4894-988E-421F8EAD75FE}
		{39085761-621A-4C27-A5CC-AAF40BCF2AB1} = {EE7D900E-5296-4894-988E-421F8EAD75FE}
		{6186F5B5-05D8-4BD5-B541-332534C9DE9E} = {EE7D900E-5296-4894-988E-421F8EAD75FE}
		{1A9361E4-777A-41C5-9EE3-35A0696E661F} = {EE7D900E-5296-4894-988E-421F8EAD75FE}
		{871D8A3D-D5E5-4A94-809E-F4D24B400C87} = {EE7D900E-5296-4894-988E-421F8EAD75FE}
		{70E5F872-FB05-4193-8C57-0ED47EAFA749} = {3BB5221E-145A-409F-B140-96903C48CB54}
		{E58A5907-4AC8-473A-B1BD-944FAF5DA7BC} = {70E5F872-FB05-4193-8C57-0ED47EAFA749}
		{8B607D5B-458C-489D-9F72-5A2F5A913FBE} = {70E5F872-FB05-4193-8C57-0ED47EAFA749}
		{8095E7FA-F187-4B07-84EF-A5F4E34774D2} = {70E5F872-FB05-4193-8C57-0ED47EAFA749}
		{8E1023C0-EDF8-4D00-9EA9-3D50AC4953BC} = {70E5F872-FB05-4193-8C57-0ED47EAFA749}
	EndGlobalSection
	GlobalSection(ExtensibilityGlobals) = postSolution
		SolutionGuid = {2CAA4D13-63CE-479B-AF62-7B591A6F66E2}
	EndGlobalSection
EndGlobal
