
Microsoft Visual Studio Solution File, Format Version 12.00
# Visual Studio 14
VisualStudioVersion = 14.0.25420.1
MinimumVisualStudioVersion = 10.0.40219.1
Project("{2150E333-8FDC-42A3-9474-1A3956D46DE8}") = ".nuget", ".nuget", "{5311970D-8E70-4432-BFEC-7418C5E3713E}"
	ProjectSection(SolutionItems) = preProject
		.nuget\NuGet.Config = .nuget\NuGet.Config
		.nuget\NuGet.exe = .nuget\NuGet.exe
		.nuget\NuGet.targets = .nuget\NuGet.targets
	EndProjectSection
EndProject
Project("{2150E333-8FDC-42A3-9474-1A3956D46DE8}") = "Tests", "Tests", "{EE7D900E-5296-4894-988E-421F8EAD75FE}"
EndProject
Project("{FAE04EC0-301F-11D3-BF4B-00C04F79EFBC}") = "Cake", "Cake\Cake.csproj", "{9199AA5E-B022-423A-946B-DC6E3683F935}"
EndProject
Project("{FAE04EC0-301F-11D3-BF4B-00C04F79EFBC}") = "Build", "Build\Build.csproj", "{189F3E91-4158-420A-9FC4-6A2A75DBD31C}"
EndProject
Project("{FAE04EC0-301F-11D3-BF4B-00C04F79EFBC}") = "Common", "Common\Common.csproj", "{9AD8621E-E325-47D5-8EE9-CF0F6AAA300B}"
EndProject
Project("{FAE04EC0-301F-11D3-BF4B-00C04F79EFBC}") = "Cake.Tests", "Cake.Tests\Cake.Tests.csproj", "{6D6B81EE-5BF0-472B-A963-1CF49B937F1C}"
EndProject
Project("{FAE04EC0-301F-11D3-BF4B-00C04F79EFBC}") = "Build.Tests", "Build.Tests\Build.Tests.csproj", "{C9ACD666-BCC3-47CD-829D-1419C4D5005C}"
EndProject
Project("{FAE04EC0-301F-11D3-BF4B-00C04F79EFBC}") = "Zip", "Zip\Zip.csproj", "{380C3769-B360-44F5-90A0-B4F1429CF49D}"
EndProject
Project("{FAE04EC0-301F-11D3-BF4B-00C04F79EFBC}") = "Zip.Tests", "Zip.Tests\Zip.Tests.csproj", "{17DB0B59-C1B5-4321-8D5F-A16E1D002A48}"
EndProject
Project("{FAE04EC0-301F-11D3-BF4B-00C04F79EFBC}") = "Git", "Git\Git.csproj", "{F094228A-79C4-4B6A-935C-3D8A10A04A18}"
EndProject
Project("{FAE04EC0-301F-11D3-BF4B-00C04F79EFBC}") = "Git.Tests", "Git.Tests\Git.Tests.csproj", "{A1D5EEE9-0021-4F41-ABE5-FB8E5FB954E2}"
EndProject
Project("{FAE04EC0-301F-11D3-BF4B-00C04F79EFBC}") = "MSTest", "MSTest\MSTest.csproj", "{D8F6C7BE-DC98-4178-977D-EC0618FA4694}"
EndProject
Project("{FAE04EC0-301F-11D3-BF4B-00C04F79EFBC}") = "NUnit.Tests", "NUnit.Tests\NUnit.Tests.csproj", "{FD6E2A6A-6B89-4A3D-85D0-BAFAFC307BE8}"
EndProject
Project("{FAE04EC0-301F-11D3-BF4B-00C04F79EFBC}") = "GitHub", "GitHub\GitHub.csproj", "{7F6E2CA3-5C51-4962-8111-77C024ED08B5}"
EndProject
Project("{FAE04EC0-301F-11D3-BF4B-00C04F79EFBC}") = "GitHub.Tests", "GitHub.Tests\GitHub.Tests.csproj", "{21C0A635-8F1D-4EDC-A3DA-9CE643AF932F}"
EndProject
Project("{FAE04EC0-301F-11D3-BF4B-00C04F79EFBC}") = "Extension", "Extension\Extension.csproj", "{02ADA9A4-91F3-46F5-A4EB-6D42104C7E4D}"
EndProject
Project("{FAE04EC0-301F-11D3-BF4B-00C04F79EFBC}") = "Files", "Files\Files.csproj", "{7530F94D-0387-492E-B784-A1D4EB22B26B}"
EndProject
Project("{FAE04EC0-301F-11D3-BF4B-00C04F79EFBC}") = "Files.Tests", "Files.Tests\Files.Tests.csproj", "{BF0C9E9E-8A4F-4D4F-9E15-81B21612E274}"
EndProject
Project("{FAE04EC0-301F-11D3-BF4B-00C04F79EFBC}") = "Common.Tests", "Common.Tests\Common.Tests.csproj", "{6FB4D2C2-14BC-43BB-A77B-6BC4276FA55E}"
EndProject
Project("{FAE04EC0-301F-11D3-BF4B-00C04F79EFBC}") = "Build.Tests.TestProject", "Build.Tests\Test Files\Build.Tests.TestProject\Build.Tests.TestProject.csproj", "{7FE55F6F-8ABD-4ED0-B409-90BE6D34EFEC}"
EndProject
Project("{2150E333-8FDC-42A3-9474-1A3956D46DE8}") = "Solution Items", "Solution Items", "{3BB5221E-145A-409F-B140-96903C48CB54}"
	ProjectSection(SolutionItems) = preProject
		External\MSTest.exe = External\MSTest.exe
		scripts\script1.csx = scripts\script1.csx
	EndProjectSection
EndProject
Project("{FAE04EC0-301F-11D3-BF4B-00C04F79EFBC}") = "PassingTests", "PassingTests\PassingTests.csproj", "{C236575B-7589-4568-AE44-4E75A93BB79B}"
EndProject
Project("{FAE04EC0-301F-11D3-BF4B-00C04F79EFBC}") = "FailingTests", "FailingTests\FailingTests.csproj", "{D4FDDA89-1CD5-42CD-BF94-99A10C891D2B}"
EndProject
Project("{FAE04EC0-301F-11D3-BF4B-00C04F79EFBC}") = "AddRegistryKey", "AddRegistryKey\AddRegistryKey.csproj", "{CC2E8AF0-5322-4E44-8E21-2B91CC6DE074}"
EndProject
Project("{FAE04EC0-301F-11D3-BF4B-00C04F79EFBC}") = "NUnit", "NUnit\NUnit.csproj", "{58C7E6C6-7572-430A-95E6-83E493BD2E2D}"
EndProject
Project("{FAE04EC0-301F-11D3-BF4B-00C04F79EFBC}") = "Fail", "Fail\Fail.csproj", "{41E8BA8D-AA9C-4CAF-A9A6-2C0D48C3D1CD}"
EndProject
Project("{FAE04EC0-301F-11D3-BF4B-00C04F79EFBC}") = "Success", "Success\Success.csproj", "{25A9A168-26EA-4533-9277-DD97B61CE7E1}"
EndProject
Global
	GlobalSection(SolutionConfigurationPlatforms) = preSolution
		Debug|Any CPU = Debug|Any CPU
		Release|Any CPU = Release|Any CPU
	EndGlobalSection
	GlobalSection(ProjectConfigurationPlatforms) = postSolution
		{9199AA5E-B022-423A-946B-DC6E3683F935}.Debug|Any CPU.ActiveCfg = Debug|Any CPU
		{9199AA5E-B022-423A-946B-DC6E3683F935}.Debug|Any CPU.Build.0 = Debug|Any CPU
		{9199AA5E-B022-423A-946B-DC6E3683F935}.Release|Any CPU.ActiveCfg = Release|Any CPU
		{9199AA5E-B022-423A-946B-DC6E3683F935}.Release|Any CPU.Build.0 = Release|Any CPU
		{189F3E91-4158-420A-9FC4-6A2A75DBD31C}.Debug|Any CPU.ActiveCfg = Debug|Any CPU
		{189F3E91-4158-420A-9FC4-6A2A75DBD31C}.Debug|Any CPU.Build.0 = Debug|Any CPU
		{189F3E91-4158-420A-9FC4-6A2A75DBD31C}.Release|Any CPU.ActiveCfg = Release|Any CPU
		{189F3E91-4158-420A-9FC4-6A2A75DBD31C}.Release|Any CPU.Build.0 = Release|Any CPU
		{9AD8621E-E325-47D5-8EE9-CF0F6AAA300B}.Debug|Any CPU.ActiveCfg = Debug|Any CPU
		{9AD8621E-E325-47D5-8EE9-CF0F6AAA300B}.Debug|Any CPU.Build.0 = Debug|Any CPU
		{9AD8621E-E325-47D5-8EE9-CF0F6AAA300B}.Release|Any CPU.ActiveCfg = Release|Any CPU
		{9AD8621E-E325-47D5-8EE9-CF0F6AAA300B}.Release|Any CPU.Build.0 = Release|Any CPU
		{6D6B81EE-5BF0-472B-A963-1CF49B937F1C}.Debug|Any CPU.ActiveCfg = Debug|Any CPU
		{6D6B81EE-5BF0-472B-A963-1CF49B937F1C}.Debug|Any CPU.Build.0 = Debug|Any CPU
		{6D6B81EE-5BF0-472B-A963-1CF49B937F1C}.Release|Any CPU.ActiveCfg = Release|Any CPU
		{6D6B81EE-5BF0-472B-A963-1CF49B937F1C}.Release|Any CPU.Build.0 = Release|Any CPU
		{C9ACD666-BCC3-47CD-829D-1419C4D5005C}.Debug|Any CPU.ActiveCfg = Debug|Any CPU
		{C9ACD666-BCC3-47CD-829D-1419C4D5005C}.Debug|Any CPU.Build.0 = Debug|Any CPU
		{C9ACD666-BCC3-47CD-829D-1419C4D5005C}.Release|Any CPU.ActiveCfg = Release|Any CPU
		{C9ACD666-BCC3-47CD-829D-1419C4D5005C}.Release|Any CPU.Build.0 = Release|Any CPU
		{380C3769-B360-44F5-90A0-B4F1429CF49D}.Debug|Any CPU.ActiveCfg = Debug|Any CPU
		{380C3769-B360-44F5-90A0-B4F1429CF49D}.Debug|Any CPU.Build.0 = Debug|Any CPU
		{380C3769-B360-44F5-90A0-B4F1429CF49D}.Release|Any CPU.ActiveCfg = Release|Any CPU
		{380C3769-B360-44F5-90A0-B4F1429CF49D}.Release|Any CPU.Build.0 = Release|Any CPU
		{17DB0B59-C1B5-4321-8D5F-A16E1D002A48}.Debug|Any CPU.ActiveCfg = Debug|Any CPU
		{17DB0B59-C1B5-4321-8D5F-A16E1D002A48}.Debug|Any CPU.Build.0 = Debug|Any CPU
		{17DB0B59-C1B5-4321-8D5F-A16E1D002A48}.Release|Any CPU.ActiveCfg = Release|Any CPU
		{17DB0B59-C1B5-4321-8D5F-A16E1D002A48}.Release|Any CPU.Build.0 = Release|Any CPU
		{F094228A-79C4-4B6A-935C-3D8A10A04A18}.Debug|Any CPU.ActiveCfg = Debug|Any CPU
		{F094228A-79C4-4B6A-935C-3D8A10A04A18}.Debug|Any CPU.Build.0 = Debug|Any CPU
		{F094228A-79C4-4B6A-935C-3D8A10A04A18}.Release|Any CPU.ActiveCfg = Release|Any CPU
		{F094228A-79C4-4B6A-935C-3D8A10A04A18}.Release|Any CPU.Build.0 = Release|Any CPU
		{A1D5EEE9-0021-4F41-ABE5-FB8E5FB954E2}.Debug|Any CPU.ActiveCfg = Debug|Any CPU
		{A1D5EEE9-0021-4F41-ABE5-FB8E5FB954E2}.Debug|Any CPU.Build.0 = Debug|Any CPU
		{A1D5EEE9-0021-4F41-ABE5-FB8E5FB954E2}.Release|Any CPU.ActiveCfg = Release|Any CPU
		{A1D5EEE9-0021-4F41-ABE5-FB8E5FB954E2}.Release|Any CPU.Build.0 = Release|Any CPU
		{D8F6C7BE-DC98-4178-977D-EC0618FA4694}.Debug|Any CPU.ActiveCfg = Debug|Any CPU
		{D8F6C7BE-DC98-4178-977D-EC0618FA4694}.Debug|Any CPU.Build.0 = Debug|Any CPU
		{D8F6C7BE-DC98-4178-977D-EC0618FA4694}.Release|Any CPU.ActiveCfg = Release|Any CPU
		{D8F6C7BE-DC98-4178-977D-EC0618FA4694}.Release|Any CPU.Build.0 = Release|Any CPU
		{FD6E2A6A-6B89-4A3D-85D0-BAFAFC307BE8}.Debug|Any CPU.ActiveCfg = Debug|Any CPU
		{FD6E2A6A-6B89-4A3D-85D0-BAFAFC307BE8}.Debug|Any CPU.Build.0 = Debug|Any CPU
		{FD6E2A6A-6B89-4A3D-85D0-BAFAFC307BE8}.Release|Any CPU.ActiveCfg = Release|Any CPU
		{FD6E2A6A-6B89-4A3D-85D0-BAFAFC307BE8}.Release|Any CPU.Build.0 = Release|Any CPU
		{7F6E2CA3-5C51-4962-8111-77C024ED08B5}.Debug|Any CPU.ActiveCfg = Debug|Any CPU
		{7F6E2CA3-5C51-4962-8111-77C024ED08B5}.Debug|Any CPU.Build.0 = Debug|Any CPU
		{7F6E2CA3-5C51-4962-8111-77C024ED08B5}.Release|Any CPU.ActiveCfg = Release|Any CPU
		{7F6E2CA3-5C51-4962-8111-77C024ED08B5}.Release|Any CPU.Build.0 = Release|Any CPU
		{21C0A635-8F1D-4EDC-A3DA-9CE643AF932F}.Debug|Any CPU.ActiveCfg = Debug|Any CPU
		{21C0A635-8F1D-4EDC-A3DA-9CE643AF932F}.Debug|Any CPU.Build.0 = Debug|Any CPU
		{21C0A635-8F1D-4EDC-A3DA-9CE643AF932F}.Release|Any CPU.ActiveCfg = Release|Any CPU
		{21C0A635-8F1D-4EDC-A3DA-9CE643AF932F}.Release|Any CPU.Build.0 = Release|Any CPU
		{02ADA9A4-91F3-46F5-A4EB-6D42104C7E4D}.Debug|Any CPU.ActiveCfg = Debug|Any CPU
		{02ADA9A4-91F3-46F5-A4EB-6D42104C7E4D}.Debug|Any CPU.Build.0 = Debug|Any CPU
		{02ADA9A4-91F3-46F5-A4EB-6D42104C7E4D}.Release|Any CPU.ActiveCfg = Release|Any CPU
		{02ADA9A4-91F3-46F5-A4EB-6D42104C7E4D}.Release|Any CPU.Build.0 = Release|Any CPU
		{7530F94D-0387-492E-B784-A1D4EB22B26B}.Debug|Any CPU.ActiveCfg = Debug|Any CPU
		{7530F94D-0387-492E-B784-A1D4EB22B26B}.Debug|Any CPU.Build.0 = Debug|Any CPU
		{7530F94D-0387-492E-B784-A1D4EB22B26B}.Release|Any CPU.ActiveCfg = Release|Any CPU
		{7530F94D-0387-492E-B784-A1D4EB22B26B}.Release|Any CPU.Build.0 = Release|Any CPU
		{BF0C9E9E-8A4F-4D4F-9E15-81B21612E274}.Debug|Any CPU.ActiveCfg = Debug|Any CPU
		{BF0C9E9E-8A4F-4D4F-9E15-81B21612E274}.Debug|Any CPU.Build.0 = Debug|Any CPU
		{BF0C9E9E-8A4F-4D4F-9E15-81B21612E274}.Release|Any CPU.ActiveCfg = Release|Any CPU
		{BF0C9E9E-8A4F-4D4F-9E15-81B21612E274}.Release|Any CPU.Build.0 = Release|Any CPU
		{6FB4D2C2-14BC-43BB-A77B-6BC4276FA55E}.Debug|Any CPU.ActiveCfg = Debug|Any CPU
		{6FB4D2C2-14BC-43BB-A77B-6BC4276FA55E}.Debug|Any CPU.Build.0 = Debug|Any CPU
		{6FB4D2C2-14BC-43BB-A77B-6BC4276FA55E}.Release|Any CPU.ActiveCfg = Release|Any CPU
		{6FB4D2C2-14BC-43BB-A77B-6BC4276FA55E}.Release|Any CPU.Build.0 = Release|Any CPU
		{7FE55F6F-8ABD-4ED0-B409-90BE6D34EFEC}.Debug|Any CPU.ActiveCfg = Debug|Any CPU
		{7FE55F6F-8ABD-4ED0-B409-90BE6D34EFEC}.Debug|Any CPU.Build.0 = Debug|Any CPU
		{7FE55F6F-8ABD-4ED0-B409-90BE6D34EFEC}.Release|Any CPU.ActiveCfg = Release|Any CPU
		{7FE55F6F-8ABD-4ED0-B409-90BE6D34EFEC}.Release|Any CPU.Build.0 = Release|Any CPU
		{C236575B-7589-4568-AE44-4E75A93BB79B}.Debug|Any CPU.ActiveCfg = Debug|Any CPU
		{C236575B-7589-4568-AE44-4E75A93BB79B}.Debug|Any CPU.Build.0 = Debug|Any CPU
		{C236575B-7589-4568-AE44-4E75A93BB79B}.Release|Any CPU.ActiveCfg = Release|Any CPU
		{C236575B-7589-4568-AE44-4E75A93BB79B}.Release|Any CPU.Build.0 = Release|Any CPU
		{D4FDDA89-1CD5-42CD-BF94-99A10C891D2B}.Debug|Any CPU.ActiveCfg = Debug|Any CPU
		{D4FDDA89-1CD5-42CD-BF94-99A10C891D2B}.Debug|Any CPU.Build.0 = Debug|Any CPU
		{D4FDDA89-1CD5-42CD-BF94-99A10C891D2B}.Release|Any CPU.ActiveCfg = Release|Any CPU
		{D4FDDA89-1CD5-42CD-BF94-99A10C891D2B}.Release|Any CPU.Build.0 = Release|Any CPU
		{CC2E8AF0-5322-4E44-8E21-2B91CC6DE074}.Debug|Any CPU.ActiveCfg = Debug|Any CPU
		{CC2E8AF0-5322-4E44-8E21-2B91CC6DE074}.Debug|Any CPU.Build.0 = Debug|Any CPU
		{CC2E8AF0-5322-4E44-8E21-2B91CC6DE074}.Release|Any CPU.ActiveCfg = Release|Any CPU
		{CC2E8AF0-5322-4E44-8E21-2B91CC6DE074}.Release|Any CPU.Build.0 = Release|Any CPU
		{58C7E6C6-7572-430A-95E6-83E493BD2E2D}.Debug|Any CPU.ActiveCfg = Debug|Any CPU
		{58C7E6C6-7572-430A-95E6-83E493BD2E2D}.Debug|Any CPU.Build.0 = Debug|Any CPU
		{58C7E6C6-7572-430A-95E6-83E493BD2E2D}.Release|Any CPU.ActiveCfg = Release|Any CPU
		{58C7E6C6-7572-430A-95E6-83E493BD2E2D}.Release|Any CPU.Build.0 = Release|Any CPU
		{41E8BA8D-AA9C-4CAF-A9A6-2C0D48C3D1CD}.Debug|Any CPU.ActiveCfg = Debug|Any CPU
		{41E8BA8D-AA9C-4CAF-A9A6-2C0D48C3D1CD}.Debug|Any CPU.Build.0 = Debug|Any CPU
		{41E8BA8D-AA9C-4CAF-A9A6-2C0D48C3D1CD}.Release|Any CPU.ActiveCfg = Release|Any CPU
		{41E8BA8D-AA9C-4CAF-A9A6-2C0D48C3D1CD}.Release|Any CPU.Build.0 = Release|Any CPU
		{25A9A168-26EA-4533-9277-DD97B61CE7E1}.Debug|Any CPU.ActiveCfg = Debug|Any CPU
		{25A9A168-26EA-4533-9277-DD97B61CE7E1}.Debug|Any CPU.Build.0 = Debug|Any CPU
		{25A9A168-26EA-4533-9277-DD97B61CE7E1}.Release|Any CPU.ActiveCfg = Release|Any CPU
		{25A9A168-26EA-4533-9277-DD97B61CE7E1}.Release|Any CPU.Build.0 = Release|Any CPU
	EndGlobalSection
	GlobalSection(SolutionProperties) = preSolution
		HideSolutionNode = FALSE
	EndGlobalSection
	GlobalSection(NestedProjects) = preSolution
		{6D6B81EE-5BF0-472B-A963-1CF49B937F1C} = {EE7D900E-5296-4894-988E-421F8EAD75FE}
		{C9ACD666-BCC3-47CD-829D-1419C4D5005C} = {EE7D900E-5296-4894-988E-421F8EAD75FE}
		{17DB0B59-C1B5-4321-8D5F-A16E1D002A48} = {EE7D900E-5296-4894-988E-421F8EAD75FE}
		{A1D5EEE9-0021-4F41-ABE5-FB8E5FB954E2} = {EE7D900E-5296-4894-988E-421F8EAD75FE}
		{FD6E2A6A-6B89-4A3D-85D0-BAFAFC307BE8} = {EE7D900E-5296-4894-988E-421F8EAD75FE}
		{21C0A635-8F1D-4EDC-A3DA-9CE643AF932F} = {EE7D900E-5296-4894-988E-421F8EAD75FE}
		{BF0C9E9E-8A4F-4D4F-9E15-81B21612E274} = {EE7D900E-5296-4894-988E-421F8EAD75FE}
		{6FB4D2C2-14BC-43BB-A77B-6BC4276FA55E} = {EE7D900E-5296-4894-988E-421F8EAD75FE}
		{7FE55F6F-8ABD-4ED0-B409-90BE6D34EFEC} = {EE7D900E-5296-4894-988E-421F8EAD75FE}
		{C236575B-7589-4568-AE44-4E75A93BB79B} = {EE7D900E-5296-4894-988E-421F8EAD75FE}
		{D4FDDA89-1CD5-42CD-BF94-99A10C891D2B} = {EE7D900E-5296-4894-988E-421F8EAD75FE}
	EndGlobalSection
EndGlobal
