
Microsoft Visual Studio Solution File, Format Version 12.00
# Visual Studio 2013
VisualStudioVersion = 12.0.21005.1
MinimumVisualStudioVersion = 10.0.40219.1
Project("{FAE04EC0-301F-11D3-BF4B-00C04F79EFBC}") = "Cake", "Cake\Cake.csproj", "{9199AA5E-B022-423A-946B-DC6E3683F935}"
EndProject
Project("{2150E333-8FDC-42A3-9474-1A3956D46DE8}") = ".nuget", ".nuget", "{5311970D-8E70-4432-BFEC-7418C5E3713E}"
	ProjectSection(SolutionItems) = preProject
		.nuget\NuGet.Config = .nuget\NuGet.Config
		.nuget\NuGet.exe = .nuget\NuGet.exe
		.nuget\NuGet.targets = .nuget\NuGet.targets
	EndProjectSection
EndProject
Project("{FAE04EC0-301F-11D3-BF4B-00C04F79EFBC}") = "Build", "Build\Build.csproj", "{189F3E91-4158-420A-9FC4-6A2A75DBD31C}"
EndProject
Project("{FAE04EC0-301F-11D3-BF4B-00C04F79EFBC}") = "Common", "Common\Common.csproj", "{9AD8621E-E325-47D5-8EE9-CF0F6AAA300B}"
EndProject
Project("{2150E333-8FDC-42A3-9474-1A3956D46DE8}") = "Tests", "Tests", "{EE7D900E-5296-4894-988E-421F8EAD75FE}"
EndProject
Project("{FAE04EC0-301F-11D3-BF4B-00C04F79EFBC}") = "Cake.Tests", "Cake.Tests\Cake.Tests.csproj", "{6D6B81EE-5BF0-472B-A963-1CF49B937F1C}"
EndProject
Project("{FAE04EC0-301F-11D3-BF4B-00C04F79EFBC}") = "Build.Tests", "Build.Tests\Build.Tests.csproj", "{C9ACD666-BCC3-47CD-829D-1419C4D5005C}"
EndProject
Project("{FAE04EC0-301F-11D3-BF4B-00C04F79EFBC}") = "Zip", "Zip\Zip.csproj", "{380C3769-B360-44F5-90A0-B4F1429CF49D}"
EndProject
Project("{FAE04EC0-301F-11D3-BF4B-00C04F79EFBC}") = "Zip.Tests", "Zip.Tests\Zip.Tests.csproj", "{17DB0B59-C1B5-4321-8D5F-A16E1D002A48}"
EndProject
Project("{FAE04EC0-301F-11D3-BF4B-00C04F79EFBC}") = "Git", "Git\Git.csproj", "{F094228A-79C4-4B6A-935C-3D8A10A04A18}"
EndProject
Global
	GlobalSection(SolutionConfigurationPlatforms) = preSolution
		Debug|Any CPU = Debug|Any CPU
		Release|Any CPU = Release|Any CPU
	EndGlobalSection
	GlobalSection(ProjectConfigurationPlatforms) = postSolution
		{9199AA5E-B022-423A-946B-DC6E3683F935}.Debug|Any CPU.ActiveCfg = Debug|Any CPU
		{9199AA5E-B022-423A-946B-DC6E3683F935}.Debug|Any CPU.Build.0 = Debug|Any CPU
		{9199AA5E-B022-423A-946B-DC6E3683F935}.Release|Any CPU.ActiveCfg = Release|Any CPU
		{9199AA5E-B022-423A-946B-DC6E3683F935}.Release|Any CPU.Build.0 = Release|Any CPU
		{189F3E91-4158-420A-9FC4-6A2A75DBD31C}.Debug|Any CPU.ActiveCfg = Debug|Any CPU
		{189F3E91-4158-420A-9FC4-6A2A75DBD31C}.Debug|Any CPU.Build.0 = Debug|Any CPU
		{189F3E91-4158-420A-9FC4-6A2A75DBD31C}.Release|Any CPU.ActiveCfg = Release|Any CPU
		{189F3E91-4158-420A-9FC4-6A2A75DBD31C}.Release|Any CPU.Build.0 = Release|Any CPU
		{9AD8621E-E325-47D5-8EE9-CF0F6AAA300B}.Debug|Any CPU.ActiveCfg = Debug|Any CPU
		{9AD8621E-E325-47D5-8EE9-CF0F6AAA300B}.Debug|Any CPU.Build.0 = Debug|Any CPU
		{9AD8621E-E325-47D5-8EE9-CF0F6AAA300B}.Release|Any CPU.ActiveCfg = Release|Any CPU
		{9AD8621E-E325-47D5-8EE9-CF0F6AAA300B}.Release|Any CPU.Build.0 = Release|Any CPU
		{6D6B81EE-5BF0-472B-A963-1CF49B937F1C}.Debug|Any CPU.ActiveCfg = Debug|Any CPU
		{6D6B81EE-5BF0-472B-A963-1CF49B937F1C}.Debug|Any CPU.Build.0 = Debug|Any CPU
		{6D6B81EE-5BF0-472B-A963-1CF49B937F1C}.Release|Any CPU.ActiveCfg = Release|Any CPU
		{6D6B81EE-5BF0-472B-A963-1CF49B937F1C}.Release|Any CPU.Build.0 = Release|Any CPU
		{C9ACD666-BCC3-47CD-829D-1419C4D5005C}.Debug|Any CPU.ActiveCfg = Debug|Any CPU
		{C9ACD666-BCC3-47CD-829D-1419C4D5005C}.Debug|Any CPU.Build.0 = Debug|Any CPU
		{C9ACD666-BCC3-47CD-829D-1419C4D5005C}.Release|Any CPU.ActiveCfg = Release|Any CPU
		{C9ACD666-BCC3-47CD-829D-1419C4D5005C}.Release|Any CPU.Build.0 = Release|Any CPU
		{380C3769-B360-44F5-90A0-B4F1429CF49D}.Debug|Any CPU.ActiveCfg = Debug|Any CPU
		{380C3769-B360-44F5-90A0-B4F1429CF49D}.Debug|Any CPU.Build.0 = Debug|Any CPU
		{380C3769-B360-44F5-90A0-B4F1429CF49D}.Release|Any CPU.ActiveCfg = Release|Any CPU
		{380C3769-B360-44F5-90A0-B4F1429CF49D}.Release|Any CPU.Build.0 = Release|Any CPU
		{17DB0B59-C1B5-4321-8D5F-A16E1D002A48}.Debug|Any CPU.ActiveCfg = Debug|Any CPU
		{17DB0B59-C1B5-4321-8D5F-A16E1D002A48}.Debug|Any CPU.Build.0 = Debug|Any CPU
		{17DB0B59-C1B5-4321-8D5F-A16E1D002A48}.Release|Any CPU.ActiveCfg = Release|Any CPU
		{17DB0B59-C1B5-4321-8D5F-A16E1D002A48}.Release|Any CPU.Build.0 = Release|Any CPU
		{F094228A-79C4-4B6A-935C-3D8A10A04A18}.Debug|Any CPU.ActiveCfg = Debug|Any CPU
		{F094228A-79C4-4B6A-935C-3D8A10A04A18}.Debug|Any CPU.Build.0 = Debug|Any CPU
		{F094228A-79C4-4B6A-935C-3D8A10A04A18}.Release|Any CPU.ActiveCfg = Release|Any CPU
		{F094228A-79C4-4B6A-935C-3D8A10A04A18}.Release|Any CPU.Build.0 = Release|Any CPU
	EndGlobalSection
	GlobalSection(SolutionProperties) = preSolution
		HideSolutionNode = FALSE
	EndGlobalSection
	GlobalSection(NestedProjects) = preSolution
		{6D6B81EE-5BF0-472B-A963-1CF49B937F1C} = {EE7D900E-5296-4894-988E-421F8EAD75FE}
		{C9ACD666-BCC3-47CD-829D-1419C4D5005C} = {EE7D900E-5296-4894-988E-421F8EAD75FE}
		{17DB0B59-C1B5-4321-8D5F-A16E1D002A48} = {EE7D900E-5296-4894-988E-421F8EAD75FE}
	EndGlobalSection
EndGlobal
